// !$*UTF8*$!
{
	archiveVersion = 1;
	classes = {
	};
	objectVersion = 55;
	objects = {

/* Begin PBXBuildFile section */
		931140B7289FF14800784E43 /* Header.swift in Sources */ = {isa = PBXBuildFile; fileRef = 931140B6289FF14800784E43 /* Header.swift */; };
		931140B9289FF1C000784E43 /* Other.swift in Sources */ = {isa = PBXBuildFile; fileRef = 931140B8289FF1C000784E43 /* Other.swift */; };
		931140BB289FF24900784E43 /* FloorButtons.swift in Sources */ = {isa = PBXBuildFile; fileRef = 931140BA289FF24900784E43 /* FloorButtons.swift */; };
		931140BD289FF40000784E43 /* ZoomButtons.swift in Sources */ = {isa = PBXBuildFile; fileRef = 931140BC289FF40000784E43 /* ZoomButtons.swift */; };
		931140BF28A04DFC00784E43 /* Chin.swift in Sources */ = {isa = PBXBuildFile; fileRef = 931140BE28A04DFC00784E43 /* Chin.swift */; };
		931140C128A13F9400784E43 /* PagePlacesView.swift in Sources */ = {isa = PBXBuildFile; fileRef = 931140C028A13F9400784E43 /* PagePlacesView.swift */; };
		931140C328A1528F00784E43 /* PlaceButton.swift in Sources */ = {isa = PBXBuildFile; fileRef = 931140C228A1528F00784E43 /* PlaceButton.swift */; };
		931140C528A1617C00784E43 /* ConfirmButton.swift in Sources */ = {isa = PBXBuildFile; fileRef = 931140C428A1617C00784E43 /* ConfirmButton.swift */; };
		931140C728A1651100784E43 /* GrayLine.swift in Sources */ = {isa = PBXBuildFile; fileRef = 931140C628A1651100784E43 /* GrayLine.swift */; };
		931140C928A1791900784E43 /* Menu.swift in Sources */ = {isa = PBXBuildFile; fileRef = 931140C828A1791900784E43 /* Menu.swift */; };
		931140CB28A1B20E00784E43 /* Site in Resources */ = {isa = PBXBuildFile; fileRef = 931140CA28A1B20E00784E43 /* Site */; };
		931140CD28A1B21A00784E43 /* WebViewNavigationAction.swift in Sources */ = {isa = PBXBuildFile; fileRef = 931140CC28A1B21A00784E43 /* WebViewNavigationAction.swift */; };
		931140CF28A1B22500784E43 /* URLType.swift in Sources */ = {isa = PBXBuildFile; fileRef = 931140CE28A1B22500784E43 /* URLType.swift */; };
		931140D128A1B22D00784E43 /* WebView.swift in Sources */ = {isa = PBXBuildFile; fileRef = 931140D028A1B22D00784E43 /* WebView.swift */; };
		931140D328A1B23400784E43 /* WebNavigationView.swift in Sources */ = {isa = PBXBuildFile; fileRef = 931140D228A1B23400784E43 /* WebNavigationView.swift */; };
		931140D528A1B24A00784E43 /* ViewModel.swift in Sources */ = {isa = PBXBuildFile; fileRef = 931140D428A1B24A00784E43 /* ViewModel.swift */; };
		931140D728A1B25200784E43 /* LoaderView.swift in Sources */ = {isa = PBXBuildFile; fileRef = 931140D628A1B25200784E43 /* LoaderView.swift */; };
		931140D928A1B25900784E43 /* JSUserScripts.swift in Sources */ = {isa = PBXBuildFile; fileRef = 931140D828A1B25900784E43 /* JSUserScripts.swift */; };
		931140DD28A1E18C00784E43 /* PopUpView.swift in Sources */ = {isa = PBXBuildFile; fileRef = 931140DC28A1E18C00784E43 /* PopUpView.swift */; };
		936666CB289ED09A00404E5E /* Prototype1App.swift in Sources */ = {isa = PBXBuildFile; fileRef = 936666CA289ED09A00404E5E /* Prototype1App.swift */; };
		936666CD289ED09A00404E5E /* ContentView.swift in Sources */ = {isa = PBXBuildFile; fileRef = 936666CC289ED09A00404E5E /* ContentView.swift */; };
		936666CF289ED09C00404E5E /* Assets.xcassets in Resources */ = {isa = PBXBuildFile; fileRef = 936666CE289ED09C00404E5E /* Assets.xcassets */; };
		936666D2289ED09C00404E5E /* Preview Assets.xcassets in Resources */ = {isa = PBXBuildFile; fileRef = 936666D1289ED09C00404E5E /* Preview Assets.xcassets */; };
		936666D9289ED23800404E5E /* PagePropertiesView.swift in Sources */ = {isa = PBXBuildFile; fileRef = 936666D8289ED23700404E5E /* PagePropertiesView.swift */; };
		936666DB289ED3C300404E5E /* TabBarView.swift in Sources */ = {isa = PBXBuildFile; fileRef = 936666DA289ED3C300404E5E /* TabBarView.swift */; };
		936666DD289ED4C100404E5E /* Extensions.swift in Sources */ = {isa = PBXBuildFile; fileRef = 936666DC289ED4C100404E5E /* Extensions.swift */; };
		936666DF289ED64900404E5E /* PageNavigationView.swift in Sources */ = {isa = PBXBuildFile; fileRef = 936666DE289ED64900404E5E /* PageNavigationView.swift */; };
		936666E1289ED6EC00404E5E /* StylesModificatorsShapes.swift in Sources */ = {isa = PBXBuildFile; fileRef = 936666E0289ED6EC00404E5E /* StylesModificatorsShapes.swift */; };
/* End PBXBuildFile section */

/* Begin PBXFileReference section */
		931140B6289FF14800784E43 /* Header.swift */ = {isa = PBXFileReference; lastKnownFileType = sourcecode.swift; path = Header.swift; sourceTree = "<group>"; };
		931140B8289FF1C000784E43 /* Other.swift */ = {isa = PBXFileReference; lastKnownFileType = sourcecode.swift; path = Other.swift; sourceTree = "<group>"; };
		931140BA289FF24900784E43 /* FloorButtons.swift */ = {isa = PBXFileReference; lastKnownFileType = sourcecode.swift; path = FloorButtons.swift; sourceTree = "<group>"; };
		931140BC289FF40000784E43 /* ZoomButtons.swift */ = {isa = PBXFileReference; lastKnownFileType = sourcecode.swift; path = ZoomButtons.swift; sourceTree = "<group>"; };
		931140BE28A04DFC00784E43 /* Chin.swift */ = {isa = PBXFileReference; lastKnownFileType = sourcecode.swift; path = Chin.swift; sourceTree = "<group>"; };
		931140C028A13F9400784E43 /* PagePlacesView.swift */ = {isa = PBXFileReference; lastKnownFileType = sourcecode.swift; path = PagePlacesView.swift; sourceTree = "<group>"; };
		931140C228A1528F00784E43 /* PlaceButton.swift */ = {isa = PBXFileReference; lastKnownFileType = sourcecode.swift; path = PlaceButton.swift; sourceTree = "<group>"; };
		931140C428A1617C00784E43 /* ConfirmButton.swift */ = {isa = PBXFileReference; lastKnownFileType = sourcecode.swift; path = ConfirmButton.swift; sourceTree = "<group>"; };
		931140C628A1651100784E43 /* GrayLine.swift */ = {isa = PBXFileReference; lastKnownFileType = sourcecode.swift; path = GrayLine.swift; sourceTree = "<group>"; };
		931140C828A1791900784E43 /* Menu.swift */ = {isa = PBXFileReference; lastKnownFileType = sourcecode.swift; path = Menu.swift; sourceTree = "<group>"; };
		931140CA28A1B20E00784E43 /* Site */ = {isa = PBXFileReference; lastKnownFileType = folder; path = Site; sourceTree = "<group>"; };
		931140CC28A1B21A00784E43 /* WebViewNavigationAction.swift */ = {isa = PBXFileReference; fileEncoding = 4; lastKnownFileType = sourcecode.swift; path = WebViewNavigationAction.swift; sourceTree = "<group>"; };
		931140CE28A1B22500784E43 /* URLType.swift */ = {isa = PBXFileReference; fileEncoding = 4; lastKnownFileType = sourcecode.swift; path = URLType.swift; sourceTree = "<group>"; };
		931140D028A1B22D00784E43 /* WebView.swift */ = {isa = PBXFileReference; fileEncoding = 4; lastKnownFileType = sourcecode.swift; path = WebView.swift; sourceTree = "<group>"; };
		931140D228A1B23400784E43 /* WebNavigationView.swift */ = {isa = PBXFileReference; fileEncoding = 4; lastKnownFileType = sourcecode.swift; path = WebNavigationView.swift; sourceTree = "<group>"; };
		931140D428A1B24A00784E43 /* ViewModel.swift */ = {isa = PBXFileReference; fileEncoding = 4; lastKnownFileType = sourcecode.swift; path = ViewModel.swift; sourceTree = "<group>"; };
		931140D628A1B25200784E43 /* LoaderView.swift */ = {isa = PBXFileReference; fileEncoding = 4; lastKnownFileType = sourcecode.swift; path = LoaderView.swift; sourceTree = "<group>"; };
		931140D828A1B25900784E43 /* JSUserScripts.swift */ = {isa = PBXFileReference; fileEncoding = 4; lastKnownFileType = sourcecode.swift; path = JSUserScripts.swift; sourceTree = "<group>"; };
		931140DC28A1E18C00784E43 /* PopUpView.swift */ = {isa = PBXFileReference; lastKnownFileType = sourcecode.swift; path = PopUpView.swift; sourceTree = "<group>"; };
		936666C7289ED09A00404E5E /* Prototype1.app */ = {isa = PBXFileReference; explicitFileType = wrapper.application; includeInIndex = 0; path = Prototype1.app; sourceTree = BUILT_PRODUCTS_DIR; };
		936666CA289ED09A00404E5E /* Prototype1App.swift */ = {isa = PBXFileReference; lastKnownFileType = sourcecode.swift; path = Prototype1App.swift; sourceTree = "<group>"; };
		936666CC289ED09A00404E5E /* ContentView.swift */ = {isa = PBXFileReference; lastKnownFileType = sourcecode.swift; path = ContentView.swift; sourceTree = "<group>"; };
		936666CE289ED09C00404E5E /* Assets.xcassets */ = {isa = PBXFileReference; lastKnownFileType = folder.assetcatalog; path = Assets.xcassets; sourceTree = "<group>"; };
		936666D1289ED09C00404E5E /* Preview Assets.xcassets */ = {isa = PBXFileReference; lastKnownFileType = folder.assetcatalog; path = "Preview Assets.xcassets"; sourceTree = "<group>"; };
		936666D8289ED23700404E5E /* PagePropertiesView.swift */ = {isa = PBXFileReference; lastKnownFileType = sourcecode.swift; path = PagePropertiesView.swift; sourceTree = "<group>"; };
		936666DA289ED3C300404E5E /* TabBarView.swift */ = {isa = PBXFileReference; lastKnownFileType = sourcecode.swift; path = TabBarView.swift; sourceTree = "<group>"; };
		936666DC289ED4C100404E5E /* Extensions.swift */ = {isa = PBXFileReference; lastKnownFileType = sourcecode.swift; path = Extensions.swift; sourceTree = "<group>"; };
		936666DE289ED64900404E5E /* PageNavigationView.swift */ = {isa = PBXFileReference; lastKnownFileType = sourcecode.swift; path = PageNavigationView.swift; sourceTree = "<group>"; };
		936666E0289ED6EC00404E5E /* StylesModificatorsShapes.swift */ = {isa = PBXFileReference; lastKnownFileType = sourcecode.swift; path = StylesModificatorsShapes.swift; sourceTree = "<group>"; };
/* End PBXFileReference section */

/* Begin PBXFrameworksBuildPhase section */
		936666C4289ED09A00404E5E /* Frameworks */ = {
			isa = PBXFrameworksBuildPhase;
			buildActionMask = 2147483647;
			files = (
			);
			runOnlyForDeploymentPostprocessing = 0;
		};
/* End PBXFrameworksBuildPhase section */

/* Begin PBXGroup section */
		936666BE289ED09A00404E5E = {
			isa = PBXGroup;
			children = (
				936666C9289ED09A00404E5E /* Prototype1 */,
				936666C8289ED09A00404E5E /* Products */,
			);
			sourceTree = "<group>";
		};
		936666C8289ED09A00404E5E /* Products */ = {
			isa = PBXGroup;
			children = (
				936666C7289ED09A00404E5E /* Prototype1.app */,
			);
			name = Products;
			sourceTree = "<group>";
		};
		936666C9289ED09A00404E5E /* Prototype1 */ = {
			isa = PBXGroup;
			children = (
				936666DC289ED4C100404E5E /* Extensions.swift */,
				936666E0289ED6EC00404E5E /* StylesModificatorsShapes.swift */,
				936666DA289ED3C300404E5E /* TabBarView.swift */,
				931140BA289FF24900784E43 /* FloorButtons.swift */,
				931140BC289FF40000784E43 /* ZoomButtons.swift */,
				931140C228A1528F00784E43 /* PlaceButton.swift */,
				931140C428A1617C00784E43 /* ConfirmButton.swift */,
				931140B6289FF14800784E43 /* Header.swift */,
				931140BE28A04DFC00784E43 /* Chin.swift */,
				931140C628A1651100784E43 /* GrayLine.swift */,
				931140B8289FF1C000784E43 /* Other.swift */,
				931140C828A1791900784E43 /* Menu.swift */,
				936666D8289ED23700404E5E /* PagePropertiesView.swift */,
				936666DE289ED64900404E5E /* PageNavigationView.swift */,
				931140C028A13F9400784E43 /* PagePlacesView.swift */,
				936666CC289ED09A00404E5E /* ContentView.swift */,
				936666CA289ED09A00404E5E /* Prototype1App.swift */,
				931140CA28A1B20E00784E43 /* Site */,
				931140CC28A1B21A00784E43 /* WebViewNavigationAction.swift */,
				931140CE28A1B22500784E43 /* URLType.swift */,
				931140D028A1B22D00784E43 /* WebView.swift */,
				931140D228A1B23400784E43 /* WebNavigationView.swift */,
				931140D428A1B24A00784E43 /* ViewModel.swift */,
				931140D628A1B25200784E43 /* LoaderView.swift */,
				931140D828A1B25900784E43 /* JSUserScripts.swift */,
				931140DC28A1E18C00784E43 /* PopUpView.swift */,
				936666CE289ED09C00404E5E /* Assets.xcassets */,
				936666D0289ED09C00404E5E /* Preview Content */,
			);
			path = Prototype1;
			sourceTree = "<group>";
		};
		936666D0289ED09C00404E5E /* Preview Content */ = {
			isa = PBXGroup;
			children = (
				936666D1289ED09C00404E5E /* Preview Assets.xcassets */,
			);
			path = "Preview Content";
			sourceTree = "<group>";
		};
/* End PBXGroup section */

/* Begin PBXNativeTarget section */
		936666C6289ED09A00404E5E /* Prototype1 */ = {
			isa = PBXNativeTarget;
			buildConfigurationList = 936666D5289ED09C00404E5E /* Build configuration list for PBXNativeTarget "Prototype1" */;
			buildPhases = (
				936666C3289ED09A00404E5E /* Sources */,
				936666C4289ED09A00404E5E /* Frameworks */,
				936666C5289ED09A00404E5E /* Resources */,
			);
			buildRules = (
			);
			dependencies = (
			);
			name = Prototype1;
			productName = Prototype1;
			productReference = 936666C7289ED09A00404E5E /* Prototype1.app */;
			productType = "com.apple.product-type.application";
		};
/* End PBXNativeTarget section */

/* Begin PBXProject section */
		936666BF289ED09A00404E5E /* Project object */ = {
			isa = PBXProject;
			attributes = {
				BuildIndependentTargetsInParallel = 1;
				LastSwiftUpdateCheck = 1340;
				LastUpgradeCheck = 1340;
				TargetAttributes = {
					936666C6289ED09A00404E5E = {
						CreatedOnToolsVersion = 13.4.1;
					};
				};
			};
			buildConfigurationList = 936666C2289ED09A00404E5E /* Build configuration list for PBXProject "Prototype1" */;
			compatibilityVersion = "Xcode 13.0";
			developmentRegion = en;
			hasScannedForEncodings = 0;
			knownRegions = (
				en,
				Base,
			);
			mainGroup = 936666BE289ED09A00404E5E;
			productRefGroup = 936666C8289ED09A00404E5E /* Products */;
			projectDirPath = "";
			projectRoot = "";
			targets = (
				936666C6289ED09A00404E5E /* Prototype1 */,
			);
		};
/* End PBXProject section */

/* Begin PBXResourcesBuildPhase section */
		936666C5289ED09A00404E5E /* Resources */ = {
			isa = PBXResourcesBuildPhase;
			buildActionMask = 2147483647;
			files = (
				936666D2289ED09C00404E5E /* Preview Assets.xcassets in Resources */,
				936666CF289ED09C00404E5E /* Assets.xcassets in Resources */,
				931140CB28A1B20E00784E43 /* Site in Resources */,
			);
			runOnlyForDeploymentPostprocessing = 0;
		};
/* End PBXResourcesBuildPhase section */

/* Begin PBXSourcesBuildPhase section */
		936666C3289ED09A00404E5E /* Sources */ = {
			isa = PBXSourcesBuildPhase;
			buildActionMask = 2147483647;
			files = (
				931140BD289FF40000784E43 /* ZoomButtons.swift in Sources */,
				931140D128A1B22D00784E43 /* WebView.swift in Sources */,
				931140D928A1B25900784E43 /* JSUserScripts.swift in Sources */,
				931140D728A1B25200784E43 /* LoaderView.swift in Sources */,
				931140C128A13F9400784E43 /* PagePlacesView.swift in Sources */,
				931140B7289FF14800784E43 /* Header.swift in Sources */,
				936666DD289ED4C100404E5E /* Extensions.swift in Sources */,
				931140C728A1651100784E43 /* GrayLine.swift in Sources */,
				931140BB289FF24900784E43 /* FloorButtons.swift in Sources */,
				936666DF289ED64900404E5E /* PageNavigationView.swift in Sources */,
				931140CF28A1B22500784E43 /* URLType.swift in Sources */,
				931140D328A1B23400784E43 /* WebNavigationView.swift in Sources */,
				936666D9289ED23800404E5E /* PagePropertiesView.swift in Sources */,
				936666CD289ED09A00404E5E /* ContentView.swift in Sources */,
				931140C528A1617C00784E43 /* ConfirmButton.swift in Sources */,
				931140DD28A1E18C00784E43 /* PopUpView.swift in Sources */,
				931140BF28A04DFC00784E43 /* Chin.swift in Sources */,
				931140D528A1B24A00784E43 /* ViewModel.swift in Sources */,
				931140C328A1528F00784E43 /* PlaceButton.swift in Sources */,
				936666DB289ED3C300404E5E /* TabBarView.swift in Sources */,
				931140C928A1791900784E43 /* Menu.swift in Sources */,
				931140B9289FF1C000784E43 /* Other.swift in Sources */,
				931140CD28A1B21A00784E43 /* WebViewNavigationAction.swift in Sources */,
				936666CB289ED09A00404E5E /* Prototype1App.swift in Sources */,
				936666E1289ED6EC00404E5E /* StylesModificatorsShapes.swift in Sources */,
			);
			runOnlyForDeploymentPostprocessing = 0;
		};
/* End PBXSourcesBuildPhase section */

/* Begin XCBuildConfiguration section */
		936666D3289ED09C00404E5E /* Debug */ = {
			isa = XCBuildConfiguration;
			buildSettings = {
				ALWAYS_SEARCH_USER_PATHS = NO;
				CLANG_ANALYZER_NONNULL = YES;
				CLANG_ANALYZER_NUMBER_OBJECT_CONVERSION = YES_AGGRESSIVE;
				CLANG_CXX_LANGUAGE_STANDARD = "gnu++17";
				CLANG_ENABLE_MODULES = YES;
				CLANG_ENABLE_OBJC_ARC = YES;
				CLANG_ENABLE_OBJC_WEAK = YES;
				CLANG_WARN_BLOCK_CAPTURE_AUTORELEASING = YES;
				CLANG_WARN_BOOL_CONVERSION = YES;
				CLANG_WARN_COMMA = YES;
				CLANG_WARN_CONSTANT_CONVERSION = YES;
				CLANG_WARN_DEPRECATED_OBJC_IMPLEMENTATIONS = YES;
				CLANG_WARN_DIRECT_OBJC_ISA_USAGE = YES_ERROR;
				CLANG_WARN_DOCUMENTATION_COMMENTS = YES;
				CLANG_WARN_EMPTY_BODY = YES;
				CLANG_WARN_ENUM_CONVERSION = YES;
				CLANG_WARN_INFINITE_RECURSION = YES;
				CLANG_WARN_INT_CONVERSION = YES;
				CLANG_WARN_NON_LITERAL_NULL_CONVERSION = YES;
				CLANG_WARN_OBJC_IMPLICIT_RETAIN_SELF = YES;
				CLANG_WARN_OBJC_LITERAL_CONVERSION = YES;
				CLANG_WARN_OBJC_ROOT_CLASS = YES_ERROR;
				CLANG_WARN_QUOTED_INCLUDE_IN_FRAMEWORK_HEADER = YES;
				CLANG_WARN_RANGE_LOOP_ANALYSIS = YES;
				CLANG_WARN_STRICT_PROTOTYPES = YES;
				CLANG_WARN_SUSPICIOUS_MOVE = YES;
				CLANG_WARN_UNGUARDED_AVAILABILITY = YES_AGGRESSIVE;
				CLANG_WARN_UNREACHABLE_CODE = YES;
				CLANG_WARN__DUPLICATE_METHOD_MATCH = YES;
				COPY_PHASE_STRIP = NO;
				DEBUG_INFORMATION_FORMAT = dwarf;
				ENABLE_STRICT_OBJC_MSGSEND = YES;
				ENABLE_TESTABILITY = YES;
				GCC_C_LANGUAGE_STANDARD = gnu11;
				GCC_DYNAMIC_NO_PIC = NO;
				GCC_NO_COMMON_BLOCKS = YES;
				GCC_OPTIMIZATION_LEVEL = 0;
				GCC_PREPROCESSOR_DEFINITIONS = (
					"DEBUG=1",
					"$(inherited)",
				);
				GCC_WARN_64_TO_32_BIT_CONVERSION = YES;
				GCC_WARN_ABOUT_RETURN_TYPE = YES_ERROR;
				GCC_WARN_UNDECLARED_SELECTOR = YES;
				GCC_WARN_UNINITIALIZED_AUTOS = YES_AGGRESSIVE;
				GCC_WARN_UNUSED_FUNCTION = YES;
				GCC_WARN_UNUSED_VARIABLE = YES;
				IPHONEOS_DEPLOYMENT_TARGET = 15.5;
				MTL_ENABLE_DEBUG_INFO = INCLUDE_SOURCE;
				MTL_FAST_MATH = YES;
				ONLY_ACTIVE_ARCH = YES;
				SDKROOT = iphoneos;
				SWIFT_ACTIVE_COMPILATION_CONDITIONS = DEBUG;
				SWIFT_OPTIMIZATION_LEVEL = "-Onone";
			};
			name = Debug;
		};
		936666D4289ED09C00404E5E /* Release */ = {
			isa = XCBuildConfiguration;
			buildSettings = {
				ALWAYS_SEARCH_USER_PATHS = NO;
				CLANG_ANALYZER_NONNULL = YES;
				CLANG_ANALYZER_NUMBER_OBJECT_CONVERSION = YES_AGGRESSIVE;
				CLANG_CXX_LANGUAGE_STANDARD = "gnu++17";
				CLANG_ENABLE_MODULES = YES;
				CLANG_ENABLE_OBJC_ARC = YES;
				CLANG_ENABLE_OBJC_WEAK = YES;
				CLANG_WARN_BLOCK_CAPTURE_AUTORELEASING = YES;
				CLANG_WARN_BOOL_CONVERSION = YES;
				CLANG_WARN_COMMA = YES;
				CLANG_WARN_CONSTANT_CONVERSION = YES;
				CLANG_WARN_DEPRECATED_OBJC_IMPLEMENTATIONS = YES;
				CLANG_WARN_DIRECT_OBJC_ISA_USAGE = YES_ERROR;
				CLANG_WARN_DOCUMENTATION_COMMENTS = YES;
				CLANG_WARN_EMPTY_BODY = YES;
				CLANG_WARN_ENUM_CONVERSION = YES;
				CLANG_WARN_INFINITE_RECURSION = YES;
				CLANG_WARN_INT_CONVERSION = YES;
				CLANG_WARN_NON_LITERAL_NULL_CONVERSION = YES;
				CLANG_WARN_OBJC_IMPLICIT_RETAIN_SELF = YES;
				CLANG_WARN_OBJC_LITERAL_CONVERSION = YES;
				CLANG_WARN_OBJC_ROOT_CLASS = YES_ERROR;
				CLANG_WARN_QUOTED_INCLUDE_IN_FRAMEWORK_HEADER = YES;
				CLANG_WARN_RANGE_LOOP_ANALYSIS = YES;
				CLANG_WARN_STRICT_PROTOTYPES = YES;
				CLANG_WARN_SUSPICIOUS_MOVE = YES;
				CLANG_WARN_UNGUARDED_AVAILABILITY = YES_AGGRESSIVE;
				CLANG_WARN_UNREACHABLE_CODE = YES;
				CLANG_WARN__DUPLICATE_METHOD_MATCH = YES;
				COPY_PHASE_STRIP = NO;
				DEBUG_INFORMATION_FORMAT = "dwarf-with-dsym";
				ENABLE_NS_ASSERTIONS = NO;
				ENABLE_STRICT_OBJC_MSGSEND = YES;
				GCC_C_LANGUAGE_STANDARD = gnu11;
				GCC_NO_COMMON_BLOCKS = YES;
				GCC_WARN_64_TO_32_BIT_CONVERSION = YES;
				GCC_WARN_ABOUT_RETURN_TYPE = YES_ERROR;
				GCC_WARN_UNDECLARED_SELECTOR = YES;
				GCC_WARN_UNINITIALIZED_AUTOS = YES_AGGRESSIVE;
				GCC_WARN_UNUSED_FUNCTION = YES;
				GCC_WARN_UNUSED_VARIABLE = YES;
				IPHONEOS_DEPLOYMENT_TARGET = 15.5;
				MTL_ENABLE_DEBUG_INFO = NO;
				MTL_FAST_MATH = YES;
				SDKROOT = iphoneos;
				SWIFT_COMPILATION_MODE = wholemodule;
				SWIFT_OPTIMIZATION_LEVEL = "-O";
				VALIDATE_PRODUCT = YES;
			};
			name = Release;
		};
		936666D6289ED09C00404E5E /* Debug */ = {
			isa = XCBuildConfiguration;
			buildSettings = {
				ASSETCATALOG_COMPILER_APPICON_NAME = AppIcon;
				ASSETCATALOG_COMPILER_GLOBAL_ACCENT_COLOR_NAME = AccentColor;
				CODE_SIGN_STYLE = Automatic;
				CURRENT_PROJECT_VERSION = 1;
				DEVELOPMENT_ASSET_PATHS = "\"Prototype1/Preview Content\"";
				DEVELOPMENT_TEAM = TL3MNCD9ZD;
				ENABLE_PREVIEWS = YES;
				GENERATE_INFOPLIST_FILE = YES;
				INFOPLIST_KEY_UIApplicationSceneManifest_Generation = YES;
				INFOPLIST_KEY_UIApplicationSupportsIndirectInputEvents = YES;
				INFOPLIST_KEY_UILaunchScreen_Generation = YES;
				INFOPLIST_KEY_UISupportedInterfaceOrientations_iPad = "UIInterfaceOrientationPortrait UIInterfaceOrientationPortraitUpsideDown UIInterfaceOrientationLandscapeLeft UIInterfaceOrientationLandscapeRight";
				INFOPLIST_KEY_UISupportedInterfaceOrientations_iPhone = "UIInterfaceOrientationPortrait UIInterfaceOrientationLandscapeLeft UIInterfaceOrientationLandscapeRight";
				LD_RUNPATH_SEARCH_PATHS = (
					"$(inherited)",
					"@executable_path/Frameworks",
				);
				MARKETING_VERSION = 1.0;
				PRODUCT_BUNDLE_IDENTIFIER = "super-man.Prototype1";
				PRODUCT_NAME = "$(TARGET_NAME)";
				SWIFT_EMIT_LOC_STRINGS = YES;
				SWIFT_VERSION = 5.0;
				TARGETED_DEVICE_FAMILY = "1,2";
			};
			name = Debug;
		};
		936666D7289ED09C00404E5E /* Release */ = {
			isa = XCBuildConfiguration;
			buildSettings = {
				ASSETCATALOG_COMPILER_APPICON_NAME = AppIcon;
				ASSETCATALOG_COMPILER_GLOBAL_ACCENT_COLOR_NAME = AccentColor;
				CODE_SIGN_STYLE = Automatic;
				CURRENT_PROJECT_VERSION = 1;
				DEVELOPMENT_ASSET_PATHS = "\"Prototype1/Preview Content\"";
				DEVELOPMENT_TEAM = TL3MNCD9ZD;
				ENABLE_PREVIEWS = YES;
				GENERATE_INFOPLIST_FILE = YES;
				INFOPLIST_KEY_UIApplicationSceneManifest_Generation = YES;
				INFOPLIST_KEY_UIApplicationSupportsIndirectInputEvents = YES;
				INFOPLIST_KEY_UILaunchScreen_Generation = YES;
				INFOPLIST_KEY_UISupportedInterfaceOrientations_iPad = "UIInterfaceOrientationPortrait UIInterfaceOrientationPortraitUpsideDown UIInterfaceOrientationLandscapeLeft UIInterfaceOrientationLandscapeRight";
				INFOPLIST_KEY_UISupportedInterfaceOrientations_iPhone = "UIInterfaceOrientationPortrait UIInterfaceOrientationLandscapeLeft UIInterfaceOrientationLandscapeRight";
				LD_RUNPATH_SEARCH_PATHS = (
					"$(inherited)",
					"@executable_path/Frameworks",
				);
				MARKETING_VERSION = 1.0;
				PRODUCT_BUNDLE_IDENTIFIER = "super-man.Prototype1";
				PRODUCT_NAME = "$(TARGET_NAME)";
				SWIFT_EMIT_LOC_STRINGS = YES;
				SWIFT_VERSION = 5.0;
				TARGETED_DEVICE_FAMILY = "1,2";
			};
			name = Release;
		};
/* End XCBuildConfiguration section */

/* Begin XCConfigurationList section */
		936666C2289ED09A00404E5E /* Build configuration list for PBXProject "Prototype1" */ = {
			isa = XCConfigurationList;
			buildConfigurations = (
				936666D3289ED09C00404E5E /* Debug */,
				936666D4289ED09C00404E5E /* Release */,
			);
			defaultConfigurationIsVisible = 0;
			defaultConfigurationName = Release;
		};
		936666D5289ED09C00404E5E /* Build configuration list for PBXNativeTarget "Prototype1" */ = {
			isa = XCConfigurationList;
			buildConfigurations = (
				936666D6289ED09C00404E5E /* Debug */,
				936666D7289ED09C00404E5E /* Release */,
			);
			defaultConfigurationIsVisible = 0;
			defaultConfigurationName = Release;
		};
/* End XCConfigurationList section */
	};
	rootObject = 936666BF289ED09A00404E5E /* Project object */;
}
